// !$*UTF8*$!
{
	archiveVersion = 1;
	classes = {
	};
	objectVersion = 56;
	objects = {

/* Begin PBXBuildFile section */
		139675272CC412D100583C04 /* AppDelegate.swift in Sources */ = {isa = PBXBuildFile; fileRef = 139675262CC412D100583C04 /* AppDelegate.swift */; };
		139675292CC412D100583C04 /* SceneDelegate.swift in Sources */ = {isa = PBXBuildFile; fileRef = 139675282CC412D100583C04 /* SceneDelegate.swift */; };
		1396752B2CC412D100583C04 /* HomeMenuController.swift in Sources */ = {isa = PBXBuildFile; fileRef = 1396752A2CC412D100583C04 /* HomeMenuController.swift */; };
		139675302CC412D200583C04 /* Assets.xcassets in Resources */ = {isa = PBXBuildFile; fileRef = 1396752F2CC412D200583C04 /* Assets.xcassets */; };
		139675332CC412D200583C04 /* LaunchScreen.storyboard in Resources */ = {isa = PBXBuildFile; fileRef = 139675312CC412D200583C04 /* LaunchScreen.storyboard */; };
		1396753E2CC412D200583C04 /* RM_MVVM_C_CLEANTests.swift in Sources */ = {isa = PBXBuildFile; fileRef = 1396753D2CC412D200583C04 /* RM_MVVM_C_CLEANTests.swift */; };
		139675772CC41E0700583C04 /* Coordinator.swift in Sources */ = {isa = PBXBuildFile; fileRef = 139675762CC41E0700583C04 /* Coordinator.swift */; };
		1396757A2CC41E5000583C04 /* AppCoordinator.swift in Sources */ = {isa = PBXBuildFile; fileRef = 139675792CC41E5000583C04 /* AppCoordinator.swift */; };
		1396757D2CC41EAF00583C04 /* AppFactory.swift in Sources */ = {isa = PBXBuildFile; fileRef = 1396757C2CC41EAF00583C04 /* AppFactory.swift */; };
		13CD60B32CC689E700809B11 /* HomeCoordinator.swift in Sources */ = {isa = PBXBuildFile; fileRef = 13CD60B22CC689E700809B11 /* HomeCoordinator.swift */; };
		13CD60B52CC68A2300809B11 /* HomeFactory.swift in Sources */ = {isa = PBXBuildFile; fileRef = 13CD60B42CC68A2300809B11 /* HomeFactory.swift */; };
/* End PBXBuildFile section */

/* Begin PBXContainerItemProxy section */
		1396753A2CC412D200583C04 /* PBXContainerItemProxy */ = {
			isa = PBXContainerItemProxy;
			containerPortal = 1396751B2CC412D100583C04 /* Project object */;
			proxyType = 1;
			remoteGlobalIDString = 139675222CC412D100583C04;
			remoteInfo = "RM-MVVM-C-CLEAN";
		};
		139675442CC412D200583C04 /* PBXContainerItemProxy */ = {
			isa = PBXContainerItemProxy;
			containerPortal = 1396751B2CC412D100583C04 /* Project object */;
			proxyType = 1;
			remoteGlobalIDString = 139675222CC412D100583C04;
			remoteInfo = "RM-MVVM-C-CLEAN";
		};
/* End PBXContainerItemProxy section */

/* Begin PBXFileReference section */
		139675232CC412D100583C04 /* RM-MVVM-C-CLEAN.app */ = {isa = PBXFileReference; explicitFileType = wrapper.application; includeInIndex = 0; path = "RM-MVVM-C-CLEAN.app"; sourceTree = BUILT_PRODUCTS_DIR; };
		139675262CC412D100583C04 /* AppDelegate.swift */ = {isa = PBXFileReference; lastKnownFileType = sourcecode.swift; path = AppDelegate.swift; sourceTree = "<group>"; };
		139675282CC412D100583C04 /* SceneDelegate.swift */ = {isa = PBXFileReference; lastKnownFileType = sourcecode.swift; path = SceneDelegate.swift; sourceTree = "<group>"; };
		1396752A2CC412D100583C04 /* HomeMenuController.swift */ = {isa = PBXFileReference; lastKnownFileType = sourcecode.swift; path = HomeMenuController.swift; sourceTree = "<group>"; };
		1396752F2CC412D200583C04 /* Assets.xcassets */ = {isa = PBXFileReference; lastKnownFileType = folder.assetcatalog; path = Assets.xcassets; sourceTree = "<group>"; };
		139675322CC412D200583C04 /* Base */ = {isa = PBXFileReference; lastKnownFileType = file.storyboard; name = Base; path = Base.lproj/LaunchScreen.storyboard; sourceTree = "<group>"; };
		139675342CC412D200583C04 /* Info.plist */ = {isa = PBXFileReference; lastKnownFileType = text.plist.xml; path = Info.plist; sourceTree = "<group>"; };
		139675392CC412D200583C04 /* RM-MVVM-C-CLEANTests.xctest */ = {isa = PBXFileReference; explicitFileType = wrapper.cfbundle; includeInIndex = 0; path = "RM-MVVM-C-CLEANTests.xctest"; sourceTree = BUILT_PRODUCTS_DIR; };
		1396753D2CC412D200583C04 /* RM_MVVM_C_CLEANTests.swift */ = {isa = PBXFileReference; lastKnownFileType = sourcecode.swift; path = RM_MVVM_C_CLEANTests.swift; sourceTree = "<group>"; };
		139675432CC412D200583C04 /* RM-MVVM-C-CLEANUITests.xctest */ = {isa = PBXFileReference; explicitFileType = wrapper.cfbundle; includeInIndex = 0; path = "RM-MVVM-C-CLEANUITests.xctest"; sourceTree = BUILT_PRODUCTS_DIR; };
		139675762CC41E0700583C04 /* Coordinator.swift */ = {isa = PBXFileReference; lastKnownFileType = sourcecode.swift; path = Coordinator.swift; sourceTree = "<group>"; };
		139675792CC41E5000583C04 /* AppCoordinator.swift */ = {isa = PBXFileReference; lastKnownFileType = sourcecode.swift; path = AppCoordinator.swift; sourceTree = "<group>"; };
		1396757C2CC41EAF00583C04 /* AppFactory.swift */ = {isa = PBXFileReference; lastKnownFileType = sourcecode.swift; path = AppFactory.swift; sourceTree = "<group>"; };
		13CD60B22CC689E700809B11 /* HomeCoordinator.swift */ = {isa = PBXFileReference; lastKnownFileType = sourcecode.swift; path = HomeCoordinator.swift; sourceTree = "<group>"; };
		13CD60B42CC68A2300809B11 /* HomeFactory.swift */ = {isa = PBXFileReference; lastKnownFileType = sourcecode.swift; path = HomeFactory.swift; sourceTree = "<group>"; };
/* End PBXFileReference section */

/* Begin PBXFrameworksBuildPhase section */
		139675202CC412D100583C04 /* Frameworks */ = {
			isa = PBXFrameworksBuildPhase;
			buildActionMask = 2147483647;
			files = (
			);
			runOnlyForDeploymentPostprocessing = 0;
		};
		139675362CC412D200583C04 /* Frameworks */ = {
			isa = PBXFrameworksBuildPhase;
			buildActionMask = 2147483647;
			files = (
			);
			runOnlyForDeploymentPostprocessing = 0;
		};
		139675402CC412D200583C04 /* Frameworks */ = {
			isa = PBXFrameworksBuildPhase;
			buildActionMask = 2147483647;
			files = (
			);
			runOnlyForDeploymentPostprocessing = 0;
		};
/* End PBXFrameworksBuildPhase section */

/* Begin PBXGroup section */
		1396751A2CC412D100583C04 = {
			isa = PBXGroup;
			children = (
				139675252CC412D100583C04 /* RM-MVVM-C-CLEAN */,
				1396753C2CC412D200583C04 /* RM-MVVM-C-CLEANTests */,
				139675242CC412D100583C04 /* Products */,
			);
			sourceTree = "<group>";
		};
		139675242CC412D100583C04 /* Products */ = {
			isa = PBXGroup;
			children = (
				139675232CC412D100583C04 /* RM-MVVM-C-CLEAN.app */,
				139675392CC412D200583C04 /* RM-MVVM-C-CLEANTests.xctest */,
				139675432CC412D200583C04 /* RM-MVVM-C-CLEANUITests.xctest */,
			);
			name = Products;
			sourceTree = "<group>";
		};
		139675252CC412D100583C04 /* RM-MVVM-C-CLEAN */ = {
			isa = PBXGroup;
			children = (
				139675562CC4160D00583C04 /* App */,
				139675342CC412D200583C04 /* Info.plist */,
			);
			path = "RM-MVVM-C-CLEAN";
			sourceTree = "<group>";
		};
		1396753C2CC412D200583C04 /* RM-MVVM-C-CLEANTests */ = {
			isa = PBXGroup;
			children = (
				1396753D2CC412D200583C04 /* RM_MVVM_C_CLEANTests.swift */,
			);
			path = "RM-MVVM-C-CLEANTests";
			sourceTree = "<group>";
		};
		139675562CC4160D00583C04 /* App */ = {
			isa = PBXGroup;
			children = (
				1396755C2CC4167E00583C04 /* Storage */,
				1396755B2CC4167800583C04 /* Resources */,
				1396755A2CC4166A00583C04 /* Networking */,
				139675592CC4166000583C04 /* Common */,
				139675582CC4162600583C04 /* ScreenModules */,
				139675572CC4161500583C04 /* CompositionRoot */,
			);
			path = App;
			sourceTree = "<group>";
		};
		139675572CC4161500583C04 /* CompositionRoot */ = {
			isa = PBXGroup;
			children = (
				139675752CC41D6C00583C04 /* System */,
				139675732CC41C1100583C04 /* DIContainer */,
				139675722CC41C0100583C04 /* Factories */,
				1396756F2CC417AB00583C04 /* Coordinator */,
			);
			path = CompositionRoot;
			sourceTree = "<group>";
		};
		139675582CC4162600583C04 /* ScreenModules */ = {
			isa = PBXGroup;
			children = (
				139675742CC41C8B00583C04 /* LaunchScreen */,
				139675632CC416DB00583C04 /* LocationDetails */,
				139675622CC416CE00583C04 /* Origin */,
				139675612CC416C900583C04 /* Episodes */,
				139675602CC416BE00583C04 /* Locations */,
				1396755F2CC416B500583C04 /* CharacterDetails */,
				1396755E2CC416AD00583C04 /* Characters */,
				1396755D2CC416A100583C04 /* HomeMenu */,
			);
			path = ScreenModules;
			sourceTree = "<group>";
		};
		139675592CC4166000583C04 /* Common */ = {
			isa = PBXGroup;
			children = (
				1396756E2CC4176200583C04 /* Localize */,
				1396756D2CC4174B00583C04 /* StateController */,
				1396756C2CC4173D00583C04 /* Utils */,
				139675682CC4171700583C04 /* Layer */,
				139675662CC416FF00583C04 /* Constants */,
				139675642CC416ED00583C04 /* Extension */,
			);
			path = Common;
			sourceTree = "<group>";
		};
		1396755A2CC4166A00583C04 /* Networking */ = {
			isa = PBXGroup;
			children = (
			);
			path = Networking;
			sourceTree = "<group>";
		};
		1396755B2CC4167800583C04 /* Resources */ = {
			isa = PBXGroup;
			children = (
				1396752F2CC412D200583C04 /* Assets.xcassets */,
			);
			path = Resources;
			sourceTree = "<group>";
		};
		1396755C2CC4167E00583C04 /* Storage */ = {
			isa = PBXGroup;
			children = (
			);
			path = Storage;
			sourceTree = "<group>";
		};
		1396755D2CC416A100583C04 /* HomeMenu */ = {
			isa = PBXGroup;
			children = (
				1396752A2CC412D100583C04 /* HomeMenuController.swift */,
			);
			path = HomeMenu;
			sourceTree = "<group>";
		};
		1396755E2CC416AD00583C04 /* Characters */ = {
			isa = PBXGroup;
			children = (
			);
			path = Characters;
			sourceTree = "<group>";
		};
		1396755F2CC416B500583C04 /* CharacterDetails */ = {
			isa = PBXGroup;
			children = (
			);
			path = CharacterDetails;
			sourceTree = "<group>";
		};
		139675602CC416BE00583C04 /* Locations */ = {
			isa = PBXGroup;
			children = (
			);
			path = Locations;
			sourceTree = "<group>";
		};
		139675612CC416C900583C04 /* Episodes */ = {
			isa = PBXGroup;
			children = (
			);
			path = Episodes;
			sourceTree = "<group>";
		};
		139675622CC416CE00583C04 /* Origin */ = {
			isa = PBXGroup;
			children = (
			);
			path = Origin;
			sourceTree = "<group>";
		};
		139675632CC416DB00583C04 /* LocationDetails */ = {
			isa = PBXGroup;
			children = (
			);
			path = LocationDetails;
			sourceTree = "<group>";
		};
		139675642CC416ED00583C04 /* Extension */ = {
			isa = PBXGroup;
			children = (
			);
			path = Extension;
			sourceTree = "<group>";
		};
		139675662CC416FF00583C04 /* Constants */ = {
			isa = PBXGroup;
			children = (
			);
			path = Constants;
			sourceTree = "<group>";
		};
		139675672CC4170900583C04 /* Components */ = {
			isa = PBXGroup;
			children = (
			);
			path = Components;
			sourceTree = "<group>";
		};
		139675682CC4171700583C04 /* Layer */ = {
			isa = PBXGroup;
			children = (
				1396756B2CC4172700583C04 /* Presentaion */,
				1396756A2CC4172300583C04 /* Domain */,
				139675692CC4171E00583C04 /* Data */,
			);
			path = Layer;
			sourceTree = "<group>";
		};
		139675692CC4171E00583C04 /* Data */ = {
			isa = PBXGroup;
			children = (
			);
			path = Data;
			sourceTree = "<group>";
		};
		1396756A2CC4172300583C04 /* Domain */ = {
			isa = PBXGroup;
			children = (
			);
			path = Domain;
			sourceTree = "<group>";
		};
		1396756B2CC4172700583C04 /* Presentaion */ = {
			isa = PBXGroup;
			children = (
				139675672CC4170900583C04 /* Components */,
			);
			path = Presentaion;
			sourceTree = "<group>";
		};
		1396756C2CC4173D00583C04 /* Utils */ = {
			isa = PBXGroup;
			children = (
			);
			path = Utils;
			sourceTree = "<group>";
		};
		1396756D2CC4174B00583C04 /* StateController */ = {
			isa = PBXGroup;
			children = (
			);
			path = StateController;
			sourceTree = "<group>";
		};
		1396756E2CC4176200583C04 /* Localize */ = {
			isa = PBXGroup;
			children = (
			);
			path = Localize;
			sourceTree = "<group>";
		};
		1396756F2CC417AB00583C04 /* Coordinator */ = {
			isa = PBXGroup;
			children = (
				139675782CC41E3E00583C04 /* AppCoordinator */,
				139675702CC417B300583C04 /* CoordinatorScreens */,
				139675712CC417E300583C04 /* Utils */,
			);
			path = Coordinator;
			sourceTree = "<group>";
		};
		139675702CC417B300583C04 /* CoordinatorScreens */ = {
			isa = PBXGroup;
			children = (
				13CD60B22CC689E700809B11 /* HomeCoordinator.swift */,
			);
			path = CoordinatorScreens;
			sourceTree = "<group>";
		};
		139675712CC417E300583C04 /* Utils */ = {
			isa = PBXGroup;
			children = (
			);
			path = Utils;
			sourceTree = "<group>";
		};
		139675722CC41C0100583C04 /* Factories */ = {
			isa = PBXGroup;
			children = (
				1396757C2CC41EAF00583C04 /* AppFactory.swift */,
				13CD60B42CC68A2300809B11 /* HomeFactory.swift */,
			);
			path = Factories;
			sourceTree = "<group>";
		};
		139675732CC41C1100583C04 /* DIContainer */ = {
			isa = PBXGroup;
			children = (
			);
			path = DIContainer;
			sourceTree = "<group>";
		};
		139675742CC41C8B00583C04 /* LaunchScreen */ = {
			isa = PBXGroup;
			children = (
				139675312CC412D200583C04 /* LaunchScreen.storyboard */,
			);
			path = LaunchScreen;
			sourceTree = "<group>";
		};
		139675752CC41D6C00583C04 /* System */ = {
			isa = PBXGroup;
			children = (
				139675282CC412D100583C04 /* SceneDelegate.swift */,
				139675262CC412D100583C04 /* AppDelegate.swift */,
			);
			path = System;
			sourceTree = "<group>";
		};
		139675782CC41E3E00583C04 /* AppCoordinator */ = {
			isa = PBXGroup;
			children = (
				139675762CC41E0700583C04 /* Coordinator.swift */,
				139675792CC41E5000583C04 /* AppCoordinator.swift */,
			);
			path = AppCoordinator;
			sourceTree = "<group>";
		};
/* End PBXGroup section */

/* Begin PBXNativeTarget section */
		139675222CC412D100583C04 /* RM-MVVM-C-CLEAN */ = {
			isa = PBXNativeTarget;
			buildConfigurationList = 1396754D2CC412D200583C04 /* Build configuration list for PBXNativeTarget "RM-MVVM-C-CLEAN" */;
			buildPhases = (
				1396751F2CC412D100583C04 /* Sources */,
				139675202CC412D100583C04 /* Frameworks */,
				139675212CC412D100583C04 /* Resources */,
			);
			buildRules = (
			);
			dependencies = (
			);
			name = "RM-MVVM-C-CLEAN";
			productName = "RM-MVVM-C-CLEAN";
			productReference = 139675232CC412D100583C04 /* RM-MVVM-C-CLEAN.app */;
			productType = "com.apple.product-type.application";
		};
		139675382CC412D200583C04 /* RM-MVVM-C-CLEANTests */ = {
			isa = PBXNativeTarget;
			buildConfigurationList = 139675502CC412D200583C04 /* Build configuration list for PBXNativeTarget "RM-MVVM-C-CLEANTests" */;
			buildPhases = (
				139675352CC412D200583C04 /* Sources */,
				139675362CC412D200583C04 /* Frameworks */,
				139675372CC412D200583C04 /* Resources */,
			);
			buildRules = (
			);
			dependencies = (
				1396753B2CC412D200583C04 /* PBXTargetDependency */,
			);
			name = "RM-MVVM-C-CLEANTests";
			productName = "RM-MVVM-C-CLEANTests";
			productReference = 139675392CC412D200583C04 /* RM-MVVM-C-CLEANTests.xctest */;
			productType = "com.apple.product-type.bundle.unit-test";
		};
		139675422CC412D200583C04 /* RM-MVVM-C-CLEANUITests */ = {
			isa = PBXNativeTarget;
			buildConfigurationList = 139675532CC412D200583C04 /* Build configuration list for PBXNativeTarget "RM-MVVM-C-CLEANUITests" */;
			buildPhases = (
				1396753F2CC412D200583C04 /* Sources */,
				139675402CC412D200583C04 /* Frameworks */,
				139675412CC412D200583C04 /* Resources */,
			);
			buildRules = (
			);
			dependencies = (
				139675452CC412D200583C04 /* PBXTargetDependency */,
			);
			name = "RM-MVVM-C-CLEANUITests";
			productName = "RM-MVVM-C-CLEANUITests";
			productReference = 139675432CC412D200583C04 /* RM-MVVM-C-CLEANUITests.xctest */;
			productType = "com.apple.product-type.bundle.ui-testing";
		};
/* End PBXNativeTarget section */

/* Begin PBXProject section */
		1396751B2CC412D100583C04 /* Project object */ = {
			isa = PBXProject;
			attributes = {
				BuildIndependentTargetsInParallel = 1;
				LastSwiftUpdateCheck = 1400;
				LastUpgradeCheck = 1400;
				TargetAttributes = {
					139675222CC412D100583C04 = {
						CreatedOnToolsVersion = 14.0.1;
					};
					139675382CC412D200583C04 = {
						CreatedOnToolsVersion = 14.0.1;
						TestTargetID = 139675222CC412D100583C04;
					};
					139675422CC412D200583C04 = {
						CreatedOnToolsVersion = 14.0.1;
						TestTargetID = 139675222CC412D100583C04;
					};
				};
			};
			buildConfigurationList = 1396751E2CC412D100583C04 /* Build configuration list for PBXProject "RM-MVVM-C-CLEAN" */;
			compatibilityVersion = "Xcode 14.0";
			developmentRegion = en;
			hasScannedForEncodings = 0;
			knownRegions = (
				en,
				Base,
			);
			mainGroup = 1396751A2CC412D100583C04;
			productRefGroup = 139675242CC412D100583C04 /* Products */;
			projectDirPath = "";
			projectRoot = "";
			targets = (
				139675222CC412D100583C04 /* RM-MVVM-C-CLEAN */,
				139675382CC412D200583C04 /* RM-MVVM-C-CLEANTests */,
				139675422CC412D200583C04 /* RM-MVVM-C-CLEANUITests */,
			);
		};
/* End PBXProject section */

/* Begin PBXResourcesBuildPhase section */
		139675212CC412D100583C04 /* Resources */ = {
			isa = PBXResourcesBuildPhase;
			buildActionMask = 2147483647;
			files = (
				139675332CC412D200583C04 /* LaunchScreen.storyboard in Resources */,
				139675302CC412D200583C04 /* Assets.xcassets in Resources */,
			);
			runOnlyForDeploymentPostprocessing = 0;
		};
		139675372CC412D200583C04 /* Resources */ = {
			isa = PBXResourcesBuildPhase;
			buildActionMask = 2147483647;
			files = (
			);
			runOnlyForDeploymentPostprocessing = 0;
		};
		139675412CC412D200583C04 /* Resources */ = {
			isa = PBXResourcesBuildPhase;
			buildActionMask = 2147483647;
			files = (
			);
			runOnlyForDeploymentPostprocessing = 0;
		};
/* End PBXResourcesBuildPhase section */

/* Begin PBXSourcesBuildPhase section */
		1396751F2CC412D100583C04 /* Sources */ = {
			isa = PBXSourcesBuildPhase;
			buildActionMask = 2147483647;
			files = (
				1396757D2CC41EAF00583C04 /* AppFactory.swift in Sources */,
				139675772CC41E0700583C04 /* Coordinator.swift in Sources */,
				1396752B2CC412D100583C04 /* HomeMenuController.swift in Sources */,
				1396757A2CC41E5000583C04 /* AppCoordinator.swift in Sources */,
				139675272CC412D100583C04 /* AppDelegate.swift in Sources */,
				13CD60B52CC68A2300809B11 /* HomeFactory.swift in Sources */,
				13CD60B32CC689E700809B11 /* HomeCoordinator.swift in Sources */,
				139675292CC412D100583C04 /* SceneDelegate.swift in Sources */,
			);
			runOnlyForDeploymentPostprocessing = 0;
		};
		139675352CC412D200583C04 /* Sources */ = {
			isa = PBXSourcesBuildPhase;
			buildActionMask = 2147483647;
			files = (
				1396753E2CC412D200583C04 /* RM_MVVM_C_CLEANTests.swift in Sources */,
			);
			runOnlyForDeploymentPostprocessing = 0;
		};
		1396753F2CC412D200583C04 /* Sources */ = {
			isa = PBXSourcesBuildPhase;
			buildActionMask = 2147483647;
			files = (
			);
			runOnlyForDeploymentPostprocessing = 0;
		};
/* End PBXSourcesBuildPhase section */

/* Begin PBXTargetDependency section */
		1396753B2CC412D200583C04 /* PBXTargetDependency */ = {
			isa = PBXTargetDependency;
			target = 139675222CC412D100583C04 /* RM-MVVM-C-CLEAN */;
			targetProxy = 1396753A2CC412D200583C04 /* PBXContainerItemProxy */;
		};
		139675452CC412D200583C04 /* PBXTargetDependency */ = {
			isa = PBXTargetDependency;
			target = 139675222CC412D100583C04 /* RM-MVVM-C-CLEAN */;
			targetProxy = 139675442CC412D200583C04 /* PBXContainerItemProxy */;
		};
/* End PBXTargetDependency section */

/* Begin PBXVariantGroup section */
		139675312CC412D200583C04 /* LaunchScreen.storyboard */ = {
			isa = PBXVariantGroup;
			children = (
				139675322CC412D200583C04 /* Base */,
			);
			name = LaunchScreen.storyboard;
			sourceTree = "<group>";
		};
/* End PBXVariantGroup section */

/* Begin XCBuildConfiguration section */
		1396754B2CC412D200583C04 /* Debug */ = {
			isa = XCBuildConfiguration;
			buildSettings = {
				ALWAYS_SEARCH_USER_PATHS = NO;
				CLANG_ANALYZER_NONNULL = YES;
				CLANG_ANALYZER_NUMBER_OBJECT_CONVERSION = YES_AGGRESSIVE;
				CLANG_CXX_LANGUAGE_STANDARD = "gnu++20";
				CLANG_ENABLE_MODULES = YES;
				CLANG_ENABLE_OBJC_ARC = YES;
				CLANG_ENABLE_OBJC_WEAK = YES;
				CLANG_WARN_BLOCK_CAPTURE_AUTORELEASING = YES;
				CLANG_WARN_BOOL_CONVERSION = YES;
				CLANG_WARN_COMMA = YES;
				CLANG_WARN_CONSTANT_CONVERSION = YES;
				CLANG_WARN_DEPRECATED_OBJC_IMPLEMENTATIONS = YES;
				CLANG_WARN_DIRECT_OBJC_ISA_USAGE = YES_ERROR;
				CLANG_WARN_DOCUMENTATION_COMMENTS = YES;
				CLANG_WARN_EMPTY_BODY = YES;
				CLANG_WARN_ENUM_CONVERSION = YES;
				CLANG_WARN_INFINITE_RECURSION = YES;
				CLANG_WARN_INT_CONVERSION = YES;
				CLANG_WARN_NON_LITERAL_NULL_CONVERSION = YES;
				CLANG_WARN_OBJC_IMPLICIT_RETAIN_SELF = YES;
				CLANG_WARN_OBJC_LITERAL_CONVERSION = YES;
				CLANG_WARN_OBJC_ROOT_CLASS = YES_ERROR;
				CLANG_WARN_QUOTED_INCLUDE_IN_FRAMEWORK_HEADER = YES;
				CLANG_WARN_RANGE_LOOP_ANALYSIS = YES;
				CLANG_WARN_STRICT_PROTOTYPES = YES;
				CLANG_WARN_SUSPICIOUS_MOVE = YES;
				CLANG_WARN_UNGUARDED_AVAILABILITY = YES_AGGRESSIVE;
				CLANG_WARN_UNREACHABLE_CODE = YES;
				CLANG_WARN__DUPLICATE_METHOD_MATCH = YES;
				COPY_PHASE_STRIP = NO;
				DEBUG_INFORMATION_FORMAT = dwarf;
				ENABLE_STRICT_OBJC_MSGSEND = YES;
				ENABLE_TESTABILITY = YES;
				GCC_C_LANGUAGE_STANDARD = gnu11;
				GCC_DYNAMIC_NO_PIC = NO;
				GCC_NO_COMMON_BLOCKS = YES;
				GCC_OPTIMIZATION_LEVEL = 0;
				GCC_PREPROCESSOR_DEFINITIONS = (
					"DEBUG=1",
					"$(inherited)",
				);
				GCC_WARN_64_TO_32_BIT_CONVERSION = YES;
				GCC_WARN_ABOUT_RETURN_TYPE = YES_ERROR;
				GCC_WARN_UNDECLARED_SELECTOR = YES;
				GCC_WARN_UNINITIALIZED_AUTOS = YES_AGGRESSIVE;
				GCC_WARN_UNUSED_FUNCTION = YES;
				GCC_WARN_UNUSED_VARIABLE = YES;
				IPHONEOS_DEPLOYMENT_TARGET = 16.0;
				MTL_ENABLE_DEBUG_INFO = INCLUDE_SOURCE;
				MTL_FAST_MATH = YES;
				ONLY_ACTIVE_ARCH = YES;
				SDKROOT = iphoneos;
				SWIFT_ACTIVE_COMPILATION_CONDITIONS = DEBUG;
				SWIFT_OPTIMIZATION_LEVEL = "-Onone";
			};
			name = Debug;
		};
		1396754C2CC412D200583C04 /* Release */ = {
			isa = XCBuildConfiguration;
			buildSettings = {
				ALWAYS_SEARCH_USER_PATHS = NO;
				CLANG_ANALYZER_NONNULL = YES;
				CLANG_ANALYZER_NUMBER_OBJECT_CONVERSION = YES_AGGRESSIVE;
				CLANG_CXX_LANGUAGE_STANDARD = "gnu++20";
				CLANG_ENABLE_MODULES = YES;
				CLANG_ENABLE_OBJC_ARC = YES;
				CLANG_ENABLE_OBJC_WEAK = YES;
				CLANG_WARN_BLOCK_CAPTURE_AUTORELEASING = YES;
				CLANG_WARN_BOOL_CONVERSION = YES;
				CLANG_WARN_COMMA = YES;
				CLANG_WARN_CONSTANT_CONVERSION = YES;
				CLANG_WARN_DEPRECATED_OBJC_IMPLEMENTATIONS = YES;
				CLANG_WARN_DIRECT_OBJC_ISA_USAGE = YES_ERROR;
				CLANG_WARN_DOCUMENTATION_COMMENTS = YES;
				CLANG_WARN_EMPTY_BODY = YES;
				CLANG_WARN_ENUM_CONVERSION = YES;
				CLANG_WARN_INFINITE_RECURSION = YES;
				CLANG_WARN_INT_CONVERSION = YES;
				CLANG_WARN_NON_LITERAL_NULL_CONVERSION = YES;
				CLANG_WARN_OBJC_IMPLICIT_RETAIN_SELF = YES;
				CLANG_WARN_OBJC_LITERAL_CONVERSION = YES;
				CLANG_WARN_OBJC_ROOT_CLASS = YES_ERROR;
				CLANG_WARN_QUOTED_INCLUDE_IN_FRAMEWORK_HEADER = YES;
				CLANG_WARN_RANGE_LOOP_ANALYSIS = YES;
				CLANG_WARN_STRICT_PROTOTYPES = YES;
				CLANG_WARN_SUSPICIOUS_MOVE = YES;
				CLANG_WARN_UNGUARDED_AVAILABILITY = YES_AGGRESSIVE;
				CLANG_WARN_UNREACHABLE_CODE = YES;
				CLANG_WARN__DUPLICATE_METHOD_MATCH = YES;
				COPY_PHASE_STRIP = NO;
				DEBUG_INFORMATION_FORMAT = "dwarf-with-dsym";
				ENABLE_NS_ASSERTIONS = NO;
				ENABLE_STRICT_OBJC_MSGSEND = YES;
				GCC_C_LANGUAGE_STANDARD = gnu11;
				GCC_NO_COMMON_BLOCKS = YES;
				GCC_WARN_64_TO_32_BIT_CONVERSION = YES;
				GCC_WARN_ABOUT_RETURN_TYPE = YES_ERROR;
				GCC_WARN_UNDECLARED_SELECTOR = YES;
				GCC_WARN_UNINITIALIZED_AUTOS = YES_AGGRESSIVE;
				GCC_WARN_UNUSED_FUNCTION = YES;
				GCC_WARN_UNUSED_VARIABLE = YES;
				IPHONEOS_DEPLOYMENT_TARGET = 16.0;
				MTL_ENABLE_DEBUG_INFO = NO;
				MTL_FAST_MATH = YES;
				SDKROOT = iphoneos;
				SWIFT_COMPILATION_MODE = wholemodule;
				SWIFT_OPTIMIZATION_LEVEL = "-O";
				VALIDATE_PRODUCT = YES;
			};
			name = Release;
		};
		1396754E2CC412D200583C04 /* Debug */ = {
			isa = XCBuildConfiguration;
			buildSettings = {
				ASSETCATALOG_COMPILER_APPICON_NAME = AppIcon;
				ASSETCATALOG_COMPILER_GLOBAL_ACCENT_COLOR_NAME = AccentColor;
				CODE_SIGN_STYLE = Automatic;
				CURRENT_PROJECT_VERSION = 1;
				DEVELOPMENT_TEAM = B59JHR63KH;
				GENERATE_INFOPLIST_FILE = YES;
				INFOPLIST_FILE = "RM-MVVM-C-CLEAN/Info.plist";
				INFOPLIST_KEY_UIApplicationSupportsIndirectInputEvents = YES;
				INFOPLIST_KEY_UILaunchStoryboardName = LaunchScreen;
				INFOPLIST_KEY_UISupportedInterfaceOrientations = UIInterfaceOrientationPortrait;
				INFOPLIST_KEY_UISupportedInterfaceOrientations_iPad = "UIInterfaceOrientationLandscapeLeft UIInterfaceOrientationLandscapeRight UIInterfaceOrientationPortrait UIInterfaceOrientationPortraitUpsideDown";
				IPHONEOS_DEPLOYMENT_TARGET = 15.0;
				LD_RUNPATH_SEARCH_PATHS = (
					"$(inherited)",
					"@executable_path/Frameworks",
				);
				MARKETING_VERSION = 1.0;
				PRODUCT_BUNDLE_IDENTIFIER = "ns.RM-MVVM-C-CLEAN";
				PRODUCT_NAME = "$(TARGET_NAME)";
				SUPPORTED_PLATFORMS = "iphoneos iphonesimulator";
				SUPPORTS_MACCATALYST = NO;
				SUPPORTS_MAC_DESIGNED_FOR_IPHONE_IPAD = NO;
				SWIFT_EMIT_LOC_STRINGS = YES;
				SWIFT_VERSION = 5.0;
				TARGETED_DEVICE_FAMILY = 1;
			};
			name = Debug;
		};
		1396754F2CC412D200583C04 /* Release */ = {
			isa = XCBuildConfiguration;
			buildSettings = {
				ASSETCATALOG_COMPILER_APPICON_NAME = AppIcon;
				ASSETCATALOG_COMPILER_GLOBAL_ACCENT_COLOR_NAME = AccentColor;
				CODE_SIGN_STYLE = Automatic;
				CURRENT_PROJECT_VERSION = 1;
				DEVELOPMENT_TEAM = B59JHR63KH;
				GENERATE_INFOPLIST_FILE = YES;
				INFOPLIST_FILE = "RM-MVVM-C-CLEAN/Info.plist";
				INFOPLIST_KEY_UIApplicationSupportsIndirectInputEvents = YES;
				INFOPLIST_KEY_UILaunchStoryboardName = LaunchScreen;
				INFOPLIST_KEY_UISupportedInterfaceOrientations = UIInterfaceOrientationPortrait;
				INFOPLIST_KEY_UISupportedInterfaceOrientations_iPad = "UIInterfaceOrientationLandscapeLeft UIInterfaceOrientationLandscapeRight UIInterfaceOrientationPortrait UIInterfaceOrientationPortraitUpsideDown";
				IPHONEOS_DEPLOYMENT_TARGET = 15.0;
				LD_RUNPATH_SEARCH_PATHS = (
					"$(inherited)",
					"@executable_path/Frameworks",
				);
				MARKETING_VERSION = 1.0;
				PRODUCT_BUNDLE_IDENTIFIER = "ns.RM-MVVM-C-CLEAN";
				PRODUCT_NAME = "$(TARGET_NAME)";
				SUPPORTED_PLATFORMS = "iphoneos iphonesimulator";
				SUPPORTS_MACCATALYST = NO;
				SUPPORTS_MAC_DESIGNED_FOR_IPHONE_IPAD = NO;
				SWIFT_EMIT_LOC_STRINGS = YES;
				SWIFT_VERSION = 5.0;
				TARGETED_DEVICE_FAMILY = 1;
			};
			name = Release;
		};
		139675512CC412D200583C04 /* Debug */ = {
			isa = XCBuildConfiguration;
			buildSettings = {
				ALWAYS_EMBED_SWIFT_STANDARD_LIBRARIES = YES;
				BUNDLE_LOADER = "$(TEST_HOST)";
				CODE_SIGN_STYLE = Automatic;
				CURRENT_PROJECT_VERSION = 1;
				DEVELOPMENT_TEAM = B59JHR63KH;
				GENERATE_INFOPLIST_FILE = YES;
				IPHONEOS_DEPLOYMENT_TARGET = 16.0;
				MARKETING_VERSION = 1.0;
				PRODUCT_BUNDLE_IDENTIFIER = "ns.RM-MVVM-C-CLEANTests";
				PRODUCT_NAME = "$(TARGET_NAME)";
				SWIFT_EMIT_LOC_STRINGS = NO;
				SWIFT_VERSION = 5.0;
				TARGETED_DEVICE_FAMILY = "1,2";
				TEST_HOST = "$(BUILT_PRODUCTS_DIR)/RM-MVVM-C-CLEAN.app/$(BUNDLE_EXECUTABLE_FOLDER_PATH)/RM-MVVM-C-CLEAN";
			};
			name = Debug;
		};
		139675522CC412D200583C04 /* Release */ = {
			isa = XCBuildConfiguration;
			buildSettings = {
				ALWAYS_EMBED_SWIFT_STANDARD_LIBRARIES = YES;
				BUNDLE_LOADER = "$(TEST_HOST)";
				CODE_SIGN_STYLE = Automatic;
				CURRENT_PROJECT_VERSION = 1;
				DEVELOPMENT_TEAM = B59JHR63KH;
				GENERATE_INFOPLIST_FILE = YES;
				IPHONEOS_DEPLOYMENT_TARGET = 16.0;
				MARKETING_VERSION = 1.0;
				PRODUCT_BUNDLE_IDENTIFIER = "ns.RM-MVVM-C-CLEANTests";
				PRODUCT_NAME = "$(TARGET_NAME)";
				SWIFT_EMIT_LOC_STRINGS = NO;
				SWIFT_VERSION = 5.0;
				TARGETED_DEVICE_FAMILY = "1,2";
				TEST_HOST = "$(BUILT_PRODUCTS_DIR)/RM-MVVM-C-CLEAN.app/$(BUNDLE_EXECUTABLE_FOLDER_PATH)/RM-MVVM-C-CLEAN";
			};
			name = Release;
		};
		139675542CC412D200583C04 /* Debug */ = {
			isa = XCBuildConfiguration;
			buildSettings = {
				ALWAYS_EMBED_SWIFT_STANDARD_LIBRARIES = YES;
				CODE_SIGN_STYLE = Automatic;
				CURRENT_PROJECT_VERSION = 1;
				DEVELOPMENT_TEAM = B59JHR63KH;
				GENERATE_INFOPLIST_FILE = YES;
				MARKETING_VERSION = 1.0;
				PRODUCT_BUNDLE_IDENTIFIER = "ns.RM-MVVM-C-CLEANUITests";
				PRODUCT_NAME = "$(TARGET_NAME)";
				SWIFT_EMIT_LOC_STRINGS = NO;
				SWIFT_VERSION = 5.0;
				TARGETED_DEVICE_FAMILY = "1,2";
				TEST_TARGET_NAME = "RM-MVVM-C-CLEAN";
			};
			name = Debug;
		};
		139675552CC412D200583C04 /* Release */ = {
			isa = XCBuildConfiguration;
			buildSettings = {
				ALWAYS_EMBED_SWIFT_STANDARD_LIBRARIES = YES;
				CODE_SIGN_STYLE = Automatic;
				CURRENT_PROJECT_VERSION = 1;
				DEVELOPMENT_TEAM = B59JHR63KH;
				GENERATE_INFOPLIST_FILE = YES;
				MARKETING_VERSION = 1.0;
				PRODUCT_BUNDLE_IDENTIFIER = "ns.RM-MVVM-C-CLEANUITests";
				PRODUCT_NAME = "$(TARGET_NAME)";
				SWIFT_EMIT_LOC_STRINGS = NO;
				SWIFT_VERSION = 5.0;
				TARGETED_DEVICE_FAMILY = "1,2";
				TEST_TARGET_NAME = "RM-MVVM-C-CLEAN";
			};
			name = Release;
		};
/* End XCBuildConfiguration section */

/* Begin XCConfigurationList section */
		1396751E2CC412D100583C04 /* Build configuration list for PBXProject "RM-MVVM-C-CLEAN" */ = {
			isa = XCConfigurationList;
			buildConfigurations = (
				1396754B2CC412D200583C04 /* Debug */,
				1396754C2CC412D200583C04 /* Release */,
			);
			defaultConfigurationIsVisible = 0;
			defaultConfigurationName = Release;
		};
		1396754D2CC412D200583C04 /* Build configuration list for PBXNativeTarget "RM-MVVM-C-CLEAN" */ = {
			isa = XCConfigurationList;
			buildConfigurations = (
				1396754E2CC412D200583C04 /* Debug */,
				1396754F2CC412D200583C04 /* Release */,
			);
			defaultConfigurationIsVisible = 0;
			defaultConfigurationName = Release;
		};
		139675502CC412D200583C04 /* Build configuration list for PBXNativeTarget "RM-MVVM-C-CLEANTests" */ = {
			isa = XCConfigurationList;
			buildConfigurations = (
				139675512CC412D200583C04 /* Debug */,
				139675522CC412D200583C04 /* Release */,
			);
			defaultConfigurationIsVisible = 0;
			defaultConfigurationName = Release;
		};
		139675532CC412D200583C04 /* Build configuration list for PBXNativeTarget "RM-MVVM-C-CLEANUITests" */ = {
			isa = XCConfigurationList;
			buildConfigurations = (
				139675542CC412D200583C04 /* Debug */,
				139675552CC412D200583C04 /* Release */,
			);
			defaultConfigurationIsVisible = 0;
			defaultConfigurationName = Release;
		};
/* End XCConfigurationList section */
	};
	rootObject = 1396751B2CC412D100583C04 /* Project object */;
}
